
Microsoft Visual Studio Solution File, Format Version 12.00
# Visual Studio Version 16
VisualStudioVersion = 16.0.32929.386
MinimumVisualStudioVersion = 10.0.40219.1
Project("{FAE04EC0-301F-11D3-BF4B-00C04F79EFBC}") = "Music", "Music\Music.csproj", "{84774FEA-FF2F-4D20-9121-1349C0C92F10}"
EndProject
Global
	GlobalSection(SolutionConfigurationPlatforms) = preSolution
		Debug|Any CPU = Debug|Any CPU
		Release|Any CPU = Release|Any CPU
	EndGlobalSection
	GlobalSection(ProjectConfigurationPlatforms) = postSolution
		{84774FEA-FF2F-4D20-9121-1349C0C92F10}.Debug|Any CPU.ActiveCfg = Debug|Any CPU
		{84774FEA-FF2F-4D20-9121-1349C0C92F10}.Debug|Any CPU.Build.0 = Debug|Any CPU
		{84774FEA-FF2F-4D20-9121-1349C0C92F10}.Release|Any CPU.ActiveCfg = Release|Any CPU
		{84774FEA-FF2F-4D20-9121-1349C0C92F10}.Release|Any CPU.Build.0 = Release|Any CPU
	EndGlobalSection
	GlobalSection(SolutionProperties) = preSolution
		HideSolutionNode = FALSE
	EndGlobalSection
	GlobalSection(ExtensibilityGlobals) = postSolution
		SolutionGuid = {687514A9-983A-428F-B3FB-2EA7B79104A9}
	EndGlobalSection
EndGlobal
